DEPENDENCIES
  chef_hostname (~> 0.6.1)
  locale (~> 2.0.1)
  postgresql_lwrp (~> 1.2.1)
  sudo (~> 4.0.0)
  swap_tuning (~> 0.2.0)
  users (~> 5.3.1)

GRAPH
  apt (6.1.4)
  build-essential (8.0.4)
    mingw (>= 1.1)
    seven_zip (>= 0.0.0)
  chef_hostname (0.6.1)
  cron (5.0.1)
  locale (2.0.1)
  mingw (2.0.2)
    seven_zip (>= 0.0.0)
  ohai (5.2.2)
  postgresql_lwrp (1.2.1)
    apt (>= 0.0.0)
    cron (>= 0.0.0)
    python (>= 0.0.0)
  python (1.4.6)
    build-essential (>= 0.0.0)
    yum-epel (>= 0.0.0)
  seven_zip (2.0.2)
    windows (>= 1.2.2)
  sudo (4.0.1)
  swap (0.3.8)
  swap_tuning (0.2.0)
    swap (~> 0.3)
  users (5.3.1)
  windows (3.5.1)
    ohai (>= 4.0.0)
  yum-epel (3.1.0)
